
Microsoft Visual Studio Solution File, Format Version 12.00
# Visual Studio Version 16
VisualStudioVersion = 16.0.30517.126
MinimumVisualStudioVersion = 10.0.40219.1
Project("{FAE04EC0-301F-11D3-BF4B-00C04F79EFBC}") = "StringsAndArrays", "StringsAndArrays\StringsAndArrays.csproj", "{AAE0E317-875A-422F-8BAC-8AC9AAA356F3}"
EndProject
Project("{FAE04EC0-301F-11D3-BF4B-00C04F79EFBC}") = "FullName", "FullName\FullName.csproj", "{36CEE3E5-DC52-4D42-A7B2-5931C49A4FF7}"
EndProject
Project("{FAE04EC0-301F-11D3-BF4B-00C04F79EFBC}") = "FullNameReversed", "FullNameReversed\FullNameReversed.csproj", "{45671E7F-8694-4E3A-8A38-9D87E2E5B28F}"
EndProject
Project("{FAE04EC0-301F-11D3-BF4B-00C04F79EFBC}") = "MaximumOccuringCharacter", "MaximumOccuringCharacter\MaximumOccuringCharacter.csproj", "{5A2E85CE-0717-4370-BDB4-4EBF4094CC44}"
EndProject
Project("{FAE04EC0-301F-11D3-BF4B-00C04F79EFBC}") = "SuBStRInG", "SuBStRInG\SuBStRInG.csproj", "{36A783F1-B5BA-4685-A29D-2FC5CBDF1617}"
EndProject
Project("{FAE04EC0-301F-11D3-BF4B-00C04F79EFBC}") = "ForEach", "ForEach\ForEach.csproj", "{71C8ECA8-997E-491C-A06D-EC628AC00C0E}"
EndProject
Project("{FAE04EC0-301F-11D3-BF4B-00C04F79EFBC}") = "CharacterCounter", "CharacterCounter\CharacterCounter.csproj", "{E6F2FA69-C6AB-46C4-A7C2-EF43F35228E5}"
EndProject
Project("{FAE04EC0-301F-11D3-BF4B-00C04F79EFBC}") = "ForLoop", "ForLoop\ForLoop.csproj", "{6F7E09B0-D13C-4774-A740-93BFD7DA6445}"
EndProject
Project("{FAE04EC0-301F-11D3-BF4B-00C04F79EFBC}") = "SubstituteChracter", "SubstituteChracter\SubstituteChracter.csproj", "{CB796257-C99B-4E7D-825B-A5380666A645}"
EndProject
Global
	GlobalSection(SolutionConfigurationPlatforms) = preSolution
		Debug|Any CPU = Debug|Any CPU
		Release|Any CPU = Release|Any CPU
	EndGlobalSection
	GlobalSection(ProjectConfigurationPlatforms) = postSolution
		{AAE0E317-875A-422F-8BAC-8AC9AAA356F3}.Debug|Any CPU.ActiveCfg = Debug|Any CPU
		{AAE0E317-875A-422F-8BAC-8AC9AAA356F3}.Debug|Any CPU.Build.0 = Debug|Any CPU
		{AAE0E317-875A-422F-8BAC-8AC9AAA356F3}.Release|Any CPU.ActiveCfg = Release|Any CPU
		{AAE0E317-875A-422F-8BAC-8AC9AAA356F3}.Release|Any CPU.Build.0 = Release|Any CPU
		{36CEE3E5-DC52-4D42-A7B2-5931C49A4FF7}.Debug|Any CPU.ActiveCfg = Debug|Any CPU
		{36CEE3E5-DC52-4D42-A7B2-5931C49A4FF7}.Debug|Any CPU.Build.0 = Debug|Any CPU
		{36CEE3E5-DC52-4D42-A7B2-5931C49A4FF7}.Release|Any CPU.ActiveCfg = Release|Any CPU
		{36CEE3E5-DC52-4D42-A7B2-5931C49A4FF7}.Release|Any CPU.Build.0 = Release|Any CPU
		{45671E7F-8694-4E3A-8A38-9D87E2E5B28F}.Debug|Any CPU.ActiveCfg = Debug|Any CPU
		{45671E7F-8694-4E3A-8A38-9D87E2E5B28F}.Debug|Any CPU.Build.0 = Debug|Any CPU
		{45671E7F-8694-4E3A-8A38-9D87E2E5B28F}.Release|Any CPU.ActiveCfg = Release|Any CPU
		{45671E7F-8694-4E3A-8A38-9D87E2E5B28F}.Release|Any CPU.Build.0 = Release|Any CPU
		{5A2E85CE-0717-4370-BDB4-4EBF4094CC44}.Debug|Any CPU.ActiveCfg = Debug|Any CPU
		{5A2E85CE-0717-4370-BDB4-4EBF4094CC44}.Debug|Any CPU.Build.0 = Debug|Any CPU
		{5A2E85CE-0717-4370-BDB4-4EBF4094CC44}.Release|Any CPU.ActiveCfg = Release|Any CPU
		{5A2E85CE-0717-4370-BDB4-4EBF4094CC44}.Release|Any CPU.Build.0 = Release|Any CPU
		{36A783F1-B5BA-4685-A29D-2FC5CBDF1617}.Debug|Any CPU.ActiveCfg = Debug|Any CPU
		{36A783F1-B5BA-4685-A29D-2FC5CBDF1617}.Debug|Any CPU.Build.0 = Debug|Any CPU
		{36A783F1-B5BA-4685-A29D-2FC5CBDF1617}.Release|Any CPU.ActiveCfg = Release|Any CPU
		{36A783F1-B5BA-4685-A29D-2FC5CBDF1617}.Release|Any CPU.Build.0 = Release|Any CPU
		{71C8ECA8-997E-491C-A06D-EC628AC00C0E}.Debug|Any CPU.ActiveCfg = Debug|Any CPU
		{71C8ECA8-997E-491C-A06D-EC628AC00C0E}.Debug|Any CPU.Build.0 = Debug|Any CPU
		{71C8ECA8-997E-491C-A06D-EC628AC00C0E}.Release|Any CPU.ActiveCfg = Release|Any CPU
		{71C8ECA8-997E-491C-A06D-EC628AC00C0E}.Release|Any CPU.Build.0 = Release|Any CPU
		{E6F2FA69-C6AB-46C4-A7C2-EF43F35228E5}.Debug|Any CPU.ActiveCfg = Debug|Any CPU
		{E6F2FA69-C6AB-46C4-A7C2-EF43F35228E5}.Debug|Any CPU.Build.0 = Debug|Any CPU
		{E6F2FA69-C6AB-46C4-A7C2-EF43F35228E5}.Release|Any CPU.ActiveCfg = Release|Any CPU
		{E6F2FA69-C6AB-46C4-A7C2-EF43F35228E5}.Release|Any CPU.Build.0 = Release|Any CPU
		{6F7E09B0-D13C-4774-A740-93BFD7DA6445}.Debug|Any CPU.ActiveCfg = Debug|Any CPU
		{6F7E09B0-D13C-4774-A740-93BFD7DA6445}.Debug|Any CPU.Build.0 = Debug|Any CPU
		{6F7E09B0-D13C-4774-A740-93BFD7DA6445}.Release|Any CPU.ActiveCfg = Release|Any CPU
		{6F7E09B0-D13C-4774-A740-93BFD7DA6445}.Release|Any CPU.Build.0 = Release|Any CPU
		{CB796257-C99B-4E7D-825B-A5380666A645}.Debug|Any CPU.ActiveCfg = Debug|Any CPU
		{CB796257-C99B-4E7D-825B-A5380666A645}.Debug|Any CPU.Build.0 = Debug|Any CPU
		{CB796257-C99B-4E7D-825B-A5380666A645}.Release|Any CPU.ActiveCfg = Release|Any CPU
		{CB796257-C99B-4E7D-825B-A5380666A645}.Release|Any CPU.Build.0 = Release|Any CPU
	EndGlobalSection
	GlobalSection(SolutionProperties) = preSolution
		HideSolutionNode = FALSE
	EndGlobalSection
	GlobalSection(ExtensibilityGlobals) = postSolution
		SolutionGuid = {95E41448-B954-4A1E-BA6C-FB5B80EC8CC5}
	EndGlobalSection
EndGlobal
